
Microsoft Visual Studio Solution File, Format Version 12.00
# Visual Studio Version 18
VisualStudioVersion = 18.4.11519.219
MinimumVisualStudioVersion = 10.0.40219.1
Project("{FAE04EC0-301F-11D3-BF4B-00C04F79EFBC}") = "Codex.Data.SQLiteEngine.Tests", "Codex.Data.SQLiteEngine.Tests\Codex.Data.SQLiteEngine.Tests.csproj", "{A7668ECB-9AE2-47FC-E391-0639D3524D3F}"
EndProject
Project("{FAE04EC0-301F-11D3-BF4B-00C04F79EFBC}") = "Codex.Data.SQLiteEngine", "Codex.Data.SQLiteEngine\Codex.Data.SQLiteEngine.csproj", "{163CB571-6E06-DBD3-3038-373FDC0443F1}"
EndProject
Global
	GlobalSection(SolutionConfigurationPlatforms) = preSolution
		Debug|Any CPU = Debug|Any CPU
		Release|Any CPU = Release|Any CPU
	EndGlobalSection
	GlobalSection(ProjectConfigurationPlatforms) = postSolution
		{A7668ECB-9AE2-47FC-E391-0639D3524D3F}.Debug|Any CPU.ActiveCfg = Debug|Any CPU
		{A7668ECB-9AE2-47FC-E391-0639D3524D3F}.Debug|Any CPU.Build.0 = Debug|Any CPU
		{A7668ECB-9AE2-47FC-E391-0639D3524D3F}.Release|Any CPU.ActiveCfg = Release|Any CPU
		{A7668ECB-9AE2-47FC-E391-0639D3524D3F}.Release|Any CPU.Build.0 = Release|Any CPU
		{163CB571-6E06-DBD3-3038-373FDC0443F1}.Debug|Any CPU.ActiveCfg = Debug|Any CPU
		{163CB571-6E06-DBD3-3038-373FDC0443F1}.Debug|Any CPU.Build.0 = Debug|Any CPU
		{163CB571-6E06-DBD3-3038-373FDC0443F1}.Release|Any CPU.ActiveCfg = Release|Any CPU
		{163CB571-6E06-DBD3-3038-373FDC0443F1}.Release|Any CPU.Build.0 = Release|Any CPU
	EndGlobalSection
	GlobalSection(SolutionProperties) = preSolution
		HideSolutionNode = FALSE
	EndGlobalSection
	GlobalSection(ExtensibilityGlobals) = postSolution
		SolutionGuid = {F4DDB62F-F994-408D-B6AA-ECFF51AB23D9}
	EndGlobalSection
EndGlobal
