<Solution>
  <Folder Name="/Solution Items/">
    <File Path="ChatGpt/Expensa_1.md" />
    <File Path="ChatGpt/Expensa_2.md" />
    <File Path="ChatGpt/Expensa_3.md" />
    <File Path="Directory.Build.props" />
  </Folder>
  <Project Path="Codex.Data.SQLiteEngine/Codex.Data.SQLiteEngine.csproj" />
  <Project Path="CodexExpensa.App.WinForms/CodexExpensa.App.WinForms.csproj" />
  <Project Path="CodexExpensa.Core/CodexExpensa.Core.csproj" />
  <Project Path="CodexExpensa.Data.Sqlite/CodexExpensa.Data.Sqlite.csproj" />
  <Project Path="CodexExpensa.Security.Windows/CodexExpensa.Security.Windows.csproj" />
  <Project Path="Schema/CodexExpensa.Db.Schema/CodexExpensa.Db.Schema.csproj" />
</Solution>
