<Solution>
  <Folder Name="/Solution Items/">
    <File Path="ChatGpt/Expensa_1.md" />
    <File Path="ChatGpt/Expensa_2.md" />
    <File Path="ChatGpt/Expensa_3.md" />
    <File Path="Directory.Build.props" />
  </Folder>
  <Project Path="D:/Git/CodexExpensa/Expensa/CodexExpensa.App.WinForms/CodexExpensa.App.WinForms.csproj" />
  <Project Path="D:/Git/CodexExpensa/Expensa/CodexExpensa.Core/CodexExpensa.Core.csproj" />
  <Project Path="D:/Git/CodexExpensa/Expensa/CodexExpensa.Data.Sqlite/CodexExpensa.Data.Sqlite.csproj" />
  <Project Path="D:/Git/CodexExpensa/Expensa/CodexExpensa.Security.Windows/CodexExpensa.Security.Windows.csproj" />
  <Project Path="D:/Git/CodexExpensa/Expensa/Schema/CodexExpensa.Db.Schema/CodexExpensa.Db.Schema.csproj" />
</Solution>
